// !$*UTF8*$!
{
	archiveVersion = 1;
	classes = {
	};
	objectVersion = 46;
	objects = {

/* Begin PBXBuildFile section */
		84ADFBEA19374A2F006A4382 /* Foundation.framework in Frameworks */ = {isa = PBXBuildFile; fileRef = 84ADFBE919374A2F006A4382 /* Foundation.framework */; };
		84ADFBEC19374A2F006A4382 /* CoreGraphics.framework in Frameworks */ = {isa = PBXBuildFile; fileRef = 84ADFBEB19374A2F006A4382 /* CoreGraphics.framework */; };
		84ADFBEE19374A2F006A4382 /* UIKit.framework in Frameworks */ = {isa = PBXBuildFile; fileRef = 84ADFBED19374A2F006A4382 /* UIKit.framework */; };
		84ADFBF419374A2F006A4382 /* InfoPlist.strings in Resources */ = {isa = PBXBuildFile; fileRef = 84ADFBF219374A2F006A4382 /* InfoPlist.strings */; };
		84ADFBF619374A2F006A4382 /* main.m in Sources */ = {isa = PBXBuildFile; fileRef = 84ADFBF519374A2F006A4382 /* main.m */; };
		84ADFBFA19374A2F006A4382 /* AppDelegate.m in Sources */ = {isa = PBXBuildFile; fileRef = 84ADFBF919374A2F006A4382 /* AppDelegate.m */; };
		84ADFBFC19374A2F006A4382 /* Images.xcassets in Resources */ = {isa = PBXBuildFile; fileRef = 84ADFBFB19374A2F006A4382 /* Images.xcassets */; };
		84ADFC0319374A2F006A4382 /* XCTest.framework in Frameworks */ = {isa = PBXBuildFile; fileRef = 84ADFC0219374A2F006A4382 /* XCTest.framework */; };
		84ADFC0419374A2F006A4382 /* Foundation.framework in Frameworks */ = {isa = PBXBuildFile; fileRef = 84ADFBE919374A2F006A4382 /* Foundation.framework */; };
		84ADFC0519374A2F006A4382 /* UIKit.framework in Frameworks */ = {isa = PBXBuildFile; fileRef = 84ADFBED19374A2F006A4382 /* UIKit.framework */; };
		84ADFC0D19374A2F006A4382 /* InfoPlist.strings in Resources */ = {isa = PBXBuildFile; fileRef = 84ADFC0B19374A2F006A4382 /* InfoPlist.strings */; };
		84ADFC0F19374A2F006A4382 /* LatoFontTests.m in Sources */ = {isa = PBXBuildFile; fileRef = 84ADFC0E19374A2F006A4382 /* LatoFontTests.m */; };
		84ADFC1B19374A76006A4382 /* UIFont+Lato.m in Sources */ = {isa = PBXBuildFile; fileRef = 84ADFC1A19374A76006A4382 /* UIFont+Lato.m */; };
		84ADFC2719374E77006A4382 /* Lato-Black.ttf in Resources */ = {isa = PBXBuildFile; fileRef = 84ADFC1D19374E77006A4382 /* Lato-Black.ttf */; };
		84ADFC2819374E77006A4382 /* Lato-BlackItalic.ttf in Resources */ = {isa = PBXBuildFile; fileRef = 84ADFC1E19374E77006A4382 /* Lato-BlackItalic.ttf */; };
		84ADFC2919374E77006A4382 /* Lato-Bold.ttf in Resources */ = {isa = PBXBuildFile; fileRef = 84ADFC1F19374E77006A4382 /* Lato-Bold.ttf */; };
		84ADFC2A19374E77006A4382 /* Lato-BoldItalic.ttf in Resources */ = {isa = PBXBuildFile; fileRef = 84ADFC2019374E77006A4382 /* Lato-BoldItalic.ttf */; };
		84ADFC2B19374E77006A4382 /* Lato-Hairline.ttf in Resources */ = {isa = PBXBuildFile; fileRef = 84ADFC2119374E77006A4382 /* Lato-Hairline.ttf */; };
		84ADFC2C19374E77006A4382 /* Lato-HairlineItalic.ttf in Resources */ = {isa = PBXBuildFile; fileRef = 84ADFC2219374E77006A4382 /* Lato-HairlineItalic.ttf */; };
		84ADFC2D19374E77006A4382 /* Lato-Italic.ttf in Resources */ = {isa = PBXBuildFile; fileRef = 84ADFC2319374E77006A4382 /* Lato-Italic.ttf */; };
		84ADFC2E19374E77006A4382 /* Lato-Light.ttf in Resources */ = {isa = PBXBuildFile; fileRef = 84ADFC2419374E77006A4382 /* Lato-Light.ttf */; };
		84ADFC2F19374E77006A4382 /* Lato-LightItalic.ttf in Resources */ = {isa = PBXBuildFile; fileRef = 84ADFC2519374E77006A4382 /* Lato-LightItalic.ttf */; };
		84ADFC3019374E77006A4382 /* Lato-Regular.ttf in Resources */ = {isa = PBXBuildFile; fileRef = 84ADFC2619374E77006A4382 /* Lato-Regular.ttf */; };
		84ADFC3219374FB0006A4382 /* CoreText.framework in Frameworks */ = {isa = PBXBuildFile; fileRef = 84ADFC3119374FB0006A4382 /* CoreText.framework */; };
		84ADFC371937579B006A4382 /* ExampleVC.m in Sources */ = {isa = PBXBuildFile; fileRef = 84ADFC351937579B006A4382 /* ExampleVC.m */; };
		84ADFC381937579B006A4382 /* ExampleVC.xib in Resources */ = {isa = PBXBuildFile; fileRef = 84ADFC361937579B006A4382 /* ExampleVC.xib */; };
/* End PBXBuildFile section */

/* Begin PBXContainerItemProxy section */
		84ADFC0619374A2F006A4382 /* PBXContainerItemProxy */ = {
			isa = PBXContainerItemProxy;
			containerPortal = 84ADFBDE19374A2F006A4382 /* Project object */;
			proxyType = 1;
			remoteGlobalIDString = 84ADFBE519374A2F006A4382;
			remoteInfo = LatoFont;
		};
/* End PBXContainerItemProxy section */

/* Begin PBXFileReference section */
		84ADFBE619374A2F006A4382 /* LatoFont.app */ = {isa = PBXFileReference; explicitFileType = wrapper.application; includeInIndex = 0; path = LatoFont.app; sourceTree = BUILT_PRODUCTS_DIR; };
		84ADFBE919374A2F006A4382 /* Foundation.framework */ = {isa = PBXFileReference; lastKnownFileType = wrapper.framework; name = Foundation.framework; path = System/Library/Frameworks/Foundation.framework; sourceTree = SDKROOT; };
		84ADFBEB19374A2F006A4382 /* CoreGraphics.framework */ = {isa = PBXFileReference; lastKnownFileType = wrapper.framework; name = CoreGraphics.framework; path = System/Library/Frameworks/CoreGraphics.framework; sourceTree = SDKROOT; };
		84ADFBED19374A2F006A4382 /* UIKit.framework */ = {isa = PBXFileReference; lastKnownFileType = wrapper.framework; name = UIKit.framework; path = System/Library/Frameworks/UIKit.framework; sourceTree = SDKROOT; };
		84ADFBF119374A2F006A4382 /* LatoFont-Info.plist */ = {isa = PBXFileReference; lastKnownFileType = text.plist.xml; path = "LatoFont-Info.plist"; sourceTree = "<group>"; };
		84ADFBF319374A2F006A4382 /* en */ = {isa = PBXFileReference; lastKnownFileType = text.plist.strings; name = en; path = en.lproj/InfoPlist.strings; sourceTree = "<group>"; };
		84ADFBF519374A2F006A4382 /* main.m */ = {isa = PBXFileReference; lastKnownFileType = sourcecode.c.objc; path = main.m; sourceTree = "<group>"; };
		84ADFBF719374A2F006A4382 /* LatoFont-Prefix.pch */ = {isa = PBXFileReference; lastKnownFileType = sourcecode.c.h; path = "LatoFont-Prefix.pch"; sourceTree = "<group>"; };
		84ADFBF819374A2F006A4382 /* AppDelegate.h */ = {isa = PBXFileReference; lastKnownFileType = sourcecode.c.h; path = AppDelegate.h; sourceTree = "<group>"; };
		84ADFBF919374A2F006A4382 /* AppDelegate.m */ = {isa = PBXFileReference; lastKnownFileType = sourcecode.c.objc; path = AppDelegate.m; sourceTree = "<group>"; };
		84ADFBFB19374A2F006A4382 /* Images.xcassets */ = {isa = PBXFileReference; lastKnownFileType = folder.assetcatalog; path = Images.xcassets; sourceTree = "<group>"; };
		84ADFC0119374A2F006A4382 /* LatoFontTests.xctest */ = {isa = PBXFileReference; explicitFileType = wrapper.cfbundle; includeInIndex = 0; path = LatoFontTests.xctest; sourceTree = BUILT_PRODUCTS_DIR; };
		84ADFC0219374A2F006A4382 /* XCTest.framework */ = {isa = PBXFileReference; lastKnownFileType = wrapper.framework; name = XCTest.framework; path = Library/Frameworks/XCTest.framework; sourceTree = DEVELOPER_DIR; };
		84ADFC0A19374A2F006A4382 /* LatoFontTests-Info.plist */ = {isa = PBXFileReference; lastKnownFileType = text.plist.xml; path = "LatoFontTests-Info.plist"; sourceTree = "<group>"; };
		84ADFC0C19374A2F006A4382 /* en */ = {isa = PBXFileReference; lastKnownFileType = text.plist.strings; name = en; path = en.lproj/InfoPlist.strings; sourceTree = "<group>"; };
		84ADFC0E19374A2F006A4382 /* LatoFontTests.m */ = {isa = PBXFileReference; lastKnownFileType = sourcecode.c.objc; path = LatoFontTests.m; sourceTree = "<group>"; };
		84ADFC1919374A76006A4382 /* UIFont+Lato.h */ = {isa = PBXFileReference; fileEncoding = 4; lastKnownFileType = sourcecode.c.h; path = "UIFont+Lato.h"; sourceTree = "<group>"; };
		84ADFC1A19374A76006A4382 /* UIFont+Lato.m */ = {isa = PBXFileReference; fileEncoding = 4; lastKnownFileType = sourcecode.c.objc; path = "UIFont+Lato.m"; sourceTree = "<group>"; };
		84ADFC1D19374E77006A4382 /* Lato-Black.ttf */ = {isa = PBXFileReference; lastKnownFileType = file; path = "Lato-Black.ttf"; sourceTree = "<group>"; };
		84ADFC1E19374E77006A4382 /* Lato-BlackItalic.ttf */ = {isa = PBXFileReference; lastKnownFileType = file; path = "Lato-BlackItalic.ttf"; sourceTree = "<group>"; };
		84ADFC1F19374E77006A4382 /* Lato-Bold.ttf */ = {isa = PBXFileReference; lastKnownFileType = file; path = "Lato-Bold.ttf"; sourceTree = "<group>"; };
		84ADFC2019374E77006A4382 /* Lato-BoldItalic.ttf */ = {isa = PBXFileReference; lastKnownFileType = file; path = "Lato-BoldItalic.ttf"; sourceTree = "<group>"; };
		84ADFC2119374E77006A4382 /* Lato-Hairline.ttf */ = {isa = PBXFileReference; lastKnownFileType = file; path = "Lato-Hairline.ttf"; sourceTree = "<group>"; };
		84ADFC2219374E77006A4382 /* Lato-HairlineItalic.ttf */ = {isa = PBXFileReference; lastKnownFileType = file; path = "Lato-HairlineItalic.ttf"; sourceTree = "<group>"; };
		84ADFC2319374E77006A4382 /* Lato-Italic.ttf */ = {isa = PBXFileReference; lastKnownFileType = file; path = "Lato-Italic.ttf"; sourceTree = "<group>"; };
		84ADFC2419374E77006A4382 /* Lato-Light.ttf */ = {isa = PBXFileReference; lastKnownFileType = file; path = "Lato-Light.ttf"; sourceTree = "<group>"; };
		84ADFC2519374E77006A4382 /* Lato-LightItalic.ttf */ = {isa = PBXFileReference; lastKnownFileType = file; path = "Lato-LightItalic.ttf"; sourceTree = "<group>"; };
		84ADFC2619374E77006A4382 /* Lato-Regular.ttf */ = {isa = PBXFileReference; lastKnownFileType = file; path = "Lato-Regular.ttf"; sourceTree = "<group>"; };
		84ADFC3119374FB0006A4382 /* CoreText.framework */ = {isa = PBXFileReference; lastKnownFileType = wrapper.framework; name = CoreText.framework; path = System/Library/Frameworks/CoreText.framework; sourceTree = SDKROOT; };
		84ADFC341937579B006A4382 /* ExampleVC.h */ = {isa = PBXFileReference; fileEncoding = 4; lastKnownFileType = sourcecode.c.h; path = ExampleVC.h; sourceTree = "<group>"; };
		84ADFC351937579B006A4382 /* ExampleVC.m */ = {isa = PBXFileReference; fileEncoding = 4; lastKnownFileType = sourcecode.c.objc; path = ExampleVC.m; sourceTree = "<group>"; };
		84ADFC361937579B006A4382 /* ExampleVC.xib */ = {isa = PBXFileReference; fileEncoding = 4; lastKnownFileType = file.xib; path = ExampleVC.xib; sourceTree = "<group>"; };
/* End PBXFileReference section */

/* Begin PBXFrameworksBuildPhase section */
		84ADFBE319374A2F006A4382 /* Frameworks */ = {
			isa = PBXFrameworksBuildPhase;
			buildActionMask = 2147483647;
			files = (
				84ADFC3219374FB0006A4382 /* CoreText.framework in Frameworks */,
				84ADFBEC19374A2F006A4382 /* CoreGraphics.framework in Frameworks */,
				84ADFBEE19374A2F006A4382 /* UIKit.framework in Frameworks */,
				84ADFBEA19374A2F006A4382 /* Foundation.framework in Frameworks */,
			);
			runOnlyForDeploymentPostprocessing = 0;
		};
		84ADFBFE19374A2F006A4382 /* Frameworks */ = {
			isa = PBXFrameworksBuildPhase;
			buildActionMask = 2147483647;
			files = (
				84ADFC0319374A2F006A4382 /* XCTest.framework in Frameworks */,
				84ADFC0519374A2F006A4382 /* UIKit.framework in Frameworks */,
				84ADFC0419374A2F006A4382 /* Foundation.framework in Frameworks */,
			);
			runOnlyForDeploymentPostprocessing = 0;
		};
/* End PBXFrameworksBuildPhase section */

/* Begin PBXGroup section */
		84ADFBDD19374A2F006A4382 = {
			isa = PBXGroup;
			children = (
				84ADFBEF19374A2F006A4382 /* LatoFont */,
				84ADFC0819374A2F006A4382 /* LatoFontTests */,
				84ADFBE819374A2F006A4382 /* Frameworks */,
				84ADFBE719374A2F006A4382 /* Products */,
			);
			sourceTree = "<group>";
		};
		84ADFBE719374A2F006A4382 /* Products */ = {
			isa = PBXGroup;
			children = (
				84ADFBE619374A2F006A4382 /* LatoFont.app */,
				84ADFC0119374A2F006A4382 /* LatoFontTests.xctest */,
			);
			name = Products;
			sourceTree = "<group>";
		};
		84ADFBE819374A2F006A4382 /* Frameworks */ = {
			isa = PBXGroup;
			children = (
				84ADFC3119374FB0006A4382 /* CoreText.framework */,
				84ADFBE919374A2F006A4382 /* Foundation.framework */,
				84ADFBEB19374A2F006A4382 /* CoreGraphics.framework */,
				84ADFBED19374A2F006A4382 /* UIKit.framework */,
				84ADFC0219374A2F006A4382 /* XCTest.framework */,
			);
			name = Frameworks;
			sourceTree = "<group>";
		};
		84ADFBEF19374A2F006A4382 /* LatoFont */ = {
			isa = PBXGroup;
			children = (
				84ADFC331937575D006A4382 /* Example */,
				84ADFC1819374A55006A4382 /* Source */,
				84ADFBF819374A2F006A4382 /* AppDelegate.h */,
				84ADFBF919374A2F006A4382 /* AppDelegate.m */,
				84ADFBFB19374A2F006A4382 /* Images.xcassets */,
				84ADFBF019374A2F006A4382 /* Supporting Files */,
			);
			path = LatoFont;
			sourceTree = "<group>";
		};
		84ADFBF019374A2F006A4382 /* Supporting Files */ = {
			isa = PBXGroup;
			children = (
				84ADFBF119374A2F006A4382 /* LatoFont-Info.plist */,
				84ADFBF219374A2F006A4382 /* InfoPlist.strings */,
				84ADFBF519374A2F006A4382 /* main.m */,
				84ADFBF719374A2F006A4382 /* LatoFont-Prefix.pch */,
			);
			name = "Supporting Files";
			sourceTree = "<group>";
		};
		84ADFC0819374A2F006A4382 /* LatoFontTests */ = {
			isa = PBXGroup;
			children = (
				84ADFC0E19374A2F006A4382 /* LatoFontTests.m */,
				84ADFC0919374A2F006A4382 /* Supporting Files */,
			);
			path = LatoFontTests;
			sourceTree = "<group>";
		};
		84ADFC0919374A2F006A4382 /* Supporting Files */ = {
			isa = PBXGroup;
			children = (
				84ADFC0A19374A2F006A4382 /* LatoFontTests-Info.plist */,
				84ADFC0B19374A2F006A4382 /* InfoPlist.strings */,
			);
			name = "Supporting Files";
			sourceTree = "<group>";
		};
		84ADFC1819374A55006A4382 /* Source */ = {
			isa = PBXGroup;
			children = (
				84ADFC1C19374E77006A4382 /* Fonts */,
				84ADFC1919374A76006A4382 /* UIFont+Lato.h */,
				84ADFC1A19374A76006A4382 /* UIFont+Lato.m */,
			);
			name = Source;
			path = ../../Source;
			sourceTree = "<group>";
		};
		84ADFC1C19374E77006A4382 /* Fonts */ = {
			isa = PBXGroup;
			children = (
				84ADFC1D19374E77006A4382 /* Lato-Black.ttf */,
				84ADFC1E19374E77006A4382 /* Lato-BlackItalic.ttf */,
				84ADFC1F19374E77006A4382 /* Lato-Bold.ttf */,
				84ADFC2019374E77006A4382 /* Lato-BoldItalic.ttf */,
				84ADFC2119374E77006A4382 /* Lato-Hairline.ttf */,
				84ADFC2219374E77006A4382 /* Lato-HairlineItalic.ttf */,
				84ADFC2319374E77006A4382 /* Lato-Italic.ttf */,
				84ADFC2419374E77006A4382 /* Lato-Light.ttf */,
				84ADFC2519374E77006A4382 /* Lato-LightItalic.ttf */,
				84ADFC2619374E77006A4382 /* Lato-Regular.ttf */,
			);
			path = Fonts;
			sourceTree = "<group>";
		};
		84ADFC331937575D006A4382 /* Example */ = {
			isa = PBXGroup;
			children = (
				84ADFC341937579B006A4382 /* ExampleVC.h */,
				84ADFC351937579B006A4382 /* ExampleVC.m */,
				84ADFC361937579B006A4382 /* ExampleVC.xib */,
			);
			name = Example;
			sourceTree = "<group>";
		};
/* End PBXGroup section */

/* Begin PBXNativeTarget section */
		84ADFBE519374A2F006A4382 /* LatoFont */ = {
			isa = PBXNativeTarget;
			buildConfigurationList = 84ADFC1219374A2F006A4382 /* Build configuration list for PBXNativeTarget "LatoFont" */;
			buildPhases = (
				84ADFBE219374A2F006A4382 /* Sources */,
				84ADFBE319374A2F006A4382 /* Frameworks */,
				84ADFBE419374A2F006A4382 /* Resources */,
			);
			buildRules = (
			);
			dependencies = (
			);
			name = LatoFont;
			productName = LatoFont;
			productReference = 84ADFBE619374A2F006A4382 /* LatoFont.app */;
			productType = "com.apple.product-type.application";
		};
		84ADFC0019374A2F006A4382 /* LatoFontTests */ = {
			isa = PBXNativeTarget;
			buildConfigurationList = 84ADFC1519374A2F006A4382 /* Build configuration list for PBXNativeTarget "LatoFontTests" */;
			buildPhases = (
				84ADFBFD19374A2F006A4382 /* Sources */,
				84ADFBFE19374A2F006A4382 /* Frameworks */,
				84ADFBFF19374A2F006A4382 /* Resources */,
			);
			buildRules = (
			);
			dependencies = (
				84ADFC0719374A2F006A4382 /* PBXTargetDependency */,
			);
			name = LatoFontTests;
			productName = LatoFontTests;
			productReference = 84ADFC0119374A2F006A4382 /* LatoFontTests.xctest */;
			productType = "com.apple.product-type.bundle.unit-test";
		};
/* End PBXNativeTarget section */

/* Begin PBXProject section */
		84ADFBDE19374A2F006A4382 /* Project object */ = {
			isa = PBXProject;
			attributes = {
				LastUpgradeCheck = 0510;
				ORGANIZATIONNAME = "Michal Konturek";
				TargetAttributes = {
					84ADFC0019374A2F006A4382 = {
						TestTargetID = 84ADFBE519374A2F006A4382;
					};
				};
			};
			buildConfigurationList = 84ADFBE119374A2F006A4382 /* Build configuration list for PBXProject "LatoFont" */;
			compatibilityVersion = "Xcode 3.2";
			developmentRegion = English;
			hasScannedForEncodings = 0;
			knownRegions = (
				en,
			);
			mainGroup = 84ADFBDD19374A2F006A4382;
			productRefGroup = 84ADFBE719374A2F006A4382 /* Products */;
			projectDirPath = "";
			projectRoot = "";
			targets = (
				84ADFBE519374A2F006A4382 /* LatoFont */,
				84ADFC0019374A2F006A4382 /* LatoFontTests */,
			);
		};
/* End PBXProject section */

/* Begin PBXResourcesBuildPhase section */
		84ADFBE419374A2F006A4382 /* Resources */ = {
			isa = PBXResourcesBuildPhase;
			buildActionMask = 2147483647;
			files = (
				84ADFC2F19374E77006A4382 /* Lato-LightItalic.ttf in Resources */,
				84ADFC2819374E77006A4382 /* Lato-BlackItalic.ttf in Resources */,
				84ADFC2B19374E77006A4382 /* Lato-Hairline.ttf in Resources */,
				84ADFC2C19374E77006A4382 /* Lato-HairlineItalic.ttf in Resources */,
				84ADFC2919374E77006A4382 /* Lato-Bold.ttf in Resources */,
				84ADFBF419374A2F006A4382 /* InfoPlist.strings in Resources */,
				84ADFC2E19374E77006A4382 /* Lato-Light.ttf in Resources */,
				84ADFC3019374E77006A4382 /* Lato-Regular.ttf in Resources */,
				84ADFC2A19374E77006A4382 /* Lato-BoldItalic.ttf in Resources */,
				84ADFC2719374E77006A4382 /* Lato-Black.ttf in Resources */,
				84ADFC2D19374E77006A4382 /* Lato-Italic.ttf in Resources */,
				84ADFBFC19374A2F006A4382 /* Images.xcassets in Resources */,
				84ADFC381937579B006A4382 /* ExampleVC.xib in Resources */,
			);
			runOnlyForDeploymentPostprocessing = 0;
		};
		84ADFBFF19374A2F006A4382 /* Resources */ = {
			isa = PBXResourcesBuildPhase;
			buildActionMask = 2147483647;
			files = (
				84ADFC0D19374A2F006A4382 /* InfoPlist.strings in Resources */,
			);
			runOnlyForDeploymentPostprocessing = 0;
		};
/* End PBXResourcesBuildPhase section */

/* Begin PBXSourcesBuildPhase section */
		84ADFBE219374A2F006A4382 /* Sources */ = {
			isa = PBXSourcesBuildPhase;
			buildActionMask = 2147483647;
			files = (
				84ADFBFA19374A2F006A4382 /* AppDelegate.m in Sources */,
				84ADFC1B19374A76006A4382 /* UIFont+Lato.m in Sources */,
				84ADFBF619374A2F006A4382 /* main.m in Sources */,
				84ADFC371937579B006A4382 /* ExampleVC.m in Sources */,
			);
			runOnlyForDeploymentPostprocessing = 0;
		};
		84ADFBFD19374A2F006A4382 /* Sources */ = {
			isa = PBXSourcesBuildPhase;
			buildActionMask = 2147483647;
			files = (
				84ADFC0F19374A2F006A4382 /* LatoFontTests.m in Sources */,
			);
			runOnlyForDeploymentPostprocessing = 0;
		};
/* End PBXSourcesBuildPhase section */

/* Begin PBXTargetDependency section */
		84ADFC0719374A2F006A4382 /* PBXTargetDependency */ = {
			isa = PBXTargetDependency;
			target = 84ADFBE519374A2F006A4382 /* LatoFont */;
			targetProxy = 84ADFC0619374A2F006A4382 /* PBXContainerItemProxy */;
		};
/* End PBXTargetDependency section */

/* Begin PBXVariantGroup section */
		84ADFBF219374A2F006A4382 /* InfoPlist.strings */ = {
			isa = PBXVariantGroup;
			children = (
				84ADFBF319374A2F006A4382 /* en */,
			);
			name = InfoPlist.strings;
			sourceTree = "<group>";
		};
		84ADFC0B19374A2F006A4382 /* InfoPlist.strings */ = {
			isa = PBXVariantGroup;
			children = (
				84ADFC0C19374A2F006A4382 /* en */,
			);
			name = InfoPlist.strings;
			sourceTree = "<group>";
		};
/* End PBXVariantGroup section */

/* Begin XCBuildConfiguration section */
		84ADFC1019374A2F006A4382 /* Debug */ = {
			isa = XCBuildConfiguration;
			buildSettings = {
				ALWAYS_SEARCH_USER_PATHS = NO;
				CLANG_CXX_LANGUAGE_STANDARD = "gnu++0x";
				CLANG_CXX_LIBRARY = "libc++";
				CLANG_ENABLE_MODULES = YES;
				CLANG_ENABLE_OBJC_ARC = YES;
				CLANG_WARN_BOOL_CONVERSION = YES;
				CLANG_WARN_CONSTANT_CONVERSION = YES;
				CLANG_WARN_DIRECT_OBJC_ISA_USAGE = YES_ERROR;
				CLANG_WARN_EMPTY_BODY = YES;
				CLANG_WARN_ENUM_CONVERSION = YES;
				CLANG_WARN_INT_CONVERSION = YES;
				CLANG_WARN_OBJC_ROOT_CLASS = YES_ERROR;
				CLANG_WARN__DUPLICATE_METHOD_MATCH = YES;
				"CODE_SIGN_IDENTITY[sdk=iphoneos*]" = "iPhone Developer";
				COPY_PHASE_STRIP = NO;
				GCC_C_LANGUAGE_STANDARD = gnu99;
				GCC_DYNAMIC_NO_PIC = NO;
				GCC_OPTIMIZATION_LEVEL = 0;
				GCC_PREPROCESSOR_DEFINITIONS = (
					"DEBUG=1",
					"$(inherited)",
				);
				GCC_SYMBOLS_PRIVATE_EXTERN = NO;
				GCC_WARN_64_TO_32_BIT_CONVERSION = YES;
				GCC_WARN_ABOUT_RETURN_TYPE = YES_ERROR;
				GCC_WARN_UNDECLARED_SELECTOR = YES;
				GCC_WARN_UNINITIALIZED_AUTOS = YES_AGGRESSIVE;
				GCC_WARN_UNUSED_FUNCTION = YES;
				GCC_WARN_UNUSED_VARIABLE = YES;
				IPHONEOS_DEPLOYMENT_TARGET = 7.1;
				ONLY_ACTIVE_ARCH = YES;
				SDKROOT = iphoneos;
			};
			name = Debug;
		};
		84ADFC1119374A2F006A4382 /* Release */ = {
			isa = XCBuildConfiguration;
			buildSettings = {
				ALWAYS_SEARCH_USER_PATHS = NO;
				CLANG_CXX_LANGUAGE_STANDARD = "gnu++0x";
				CLANG_CXX_LIBRARY = "libc++";
				CLANG_ENABLE_MODULES = YES;
				CLANG_ENABLE_OBJC_ARC = YES;
				CLANG_WARN_BOOL_CONVERSION = YES;
				CLANG_WARN_CONSTANT_CONVERSION = YES;
				CLANG_WARN_DIRECT_OBJC_ISA_USAGE = YES_ERROR;
				CLANG_WARN_EMPTY_BODY = YES;
				CLANG_WARN_ENUM_CONVERSION = YES;
				CLANG_WARN_INT_CONVERSION = YES;
				CLANG_WARN_OBJC_ROOT_CLASS = YES_ERROR;
				CLANG_WARN__DUPLICATE_METHOD_MATCH = YES;
				"CODE_SIGN_IDENTITY[sdk=iphoneos*]" = "iPhone Developer";
				COPY_PHASE_STRIP = YES;
				ENABLE_NS_ASSERTIONS = NO;
				GCC_C_LANGUAGE_STANDARD = gnu99;
				GCC_WARN_64_TO_32_BIT_CONVERSION = YES;
				GCC_WARN_ABOUT_RETURN_TYPE = YES_ERROR;
				GCC_WARN_UNDECLARED_SELECTOR = YES;
				GCC_WARN_UNINITIALIZED_AUTOS = YES_AGGRESSIVE;
				GCC_WARN_UNUSED_FUNCTION = YES;
				GCC_WARN_UNUSED_VARIABLE = YES;
				IPHONEOS_DEPLOYMENT_TARGET = 7.1;
				SDKROOT = iphoneos;
				VALIDATE_PRODUCT = YES;
			};
			name = Release;
		};
		84ADFC1319374A2F006A4382 /* Debug */ = {
			isa = XCBuildConfiguration;
			buildSettings = {
				ALWAYS_SEARCH_USER_PATHS = YES;
				ASSETCATALOG_COMPILER_APPICON_NAME = AppIcon;
				ASSETCATALOG_COMPILER_LAUNCHIMAGE_NAME = LaunchImage;
				GCC_PRECOMPILE_PREFIX_HEADER = YES;
				GCC_PREFIX_HEADER = "LatoFont/LatoFont-Prefix.pch";
				INFOPLIST_FILE = "LatoFont/LatoFont-Info.plist";
				PRODUCT_NAME = "$(TARGET_NAME)";
				USER_HEADER_SEARCH_PATHS = "$(SRCROOT)/**";
				WRAPPER_EXTENSION = app;
			};
			name = Debug;
		};
		84ADFC1419374A2F006A4382 /* Release */ = {
			isa = XCBuildConfiguration;
			buildSettings = {
				ALWAYS_SEARCH_USER_PATHS = YES;
				ASSETCATALOG_COMPILER_APPICON_NAME = AppIcon;
				ASSETCATALOG_COMPILER_LAUNCHIMAGE_NAME = LaunchImage;
				GCC_PRECOMPILE_PREFIX_HEADER = YES;
				GCC_PREFIX_HEADER = "LatoFont/LatoFont-Prefix.pch";
				INFOPLIST_FILE = "LatoFont/LatoFont-Info.plist";
				PRODUCT_NAME = "$(TARGET_NAME)";
				USER_HEADER_SEARCH_PATHS = "$(SRCROOT)/**";
				WRAPPER_EXTENSION = app;
			};
			name = Release;
		};
		84ADFC1619374A2F006A4382 /* Debug */ = {
			isa = XCBuildConfiguration;
			buildSettings = {
				BUNDLE_LOADER = "$(BUILT_PRODUCTS_DIR)/LatoFont.app/LatoFont";
				FRAMEWORK_SEARCH_PATHS = (
					"$(SDKROOT)/Developer/Library/Frameworks",
					"$(inherited)",
					"$(DEVELOPER_FRAMEWORKS_DIR)",
				);
				GCC_PRECOMPILE_PREFIX_HEADER = YES;
				GCC_PREFIX_HEADER = "LatoFont/LatoFont-Prefix.pch";
				GCC_PREPROCESSOR_DEFINITIONS = (
					"DEBUG=1",
					"$(inherited)",
				);
				INFOPLIST_FILE = "LatoFontTests/LatoFontTests-Info.plist";
				PRODUCT_NAME = "$(TARGET_NAME)";
				TEST_HOST = "$(BUNDLE_LOADER)";
				WRAPPER_EXTENSION = xctest;
			};
			name = Debug;
		};
		84ADFC1719374A2F006A4382 /* Release */ = {
			isa = XCBuildConfiguration;
			buildSettings = {
				BUNDLE_LOADER = "$(BUILT_PRODUCTS_DIR)/LatoFont.app/LatoFont";
				FRAMEWORK_SEARCH_PATHS = (
					"$(SDKROOT)/Developer/Library/Frameworks",
					"$(inherited)",
					"$(DEVELOPER_FRAMEWORKS_DIR)",
				);
				GCC_PRECOMPILE_PREFIX_HEADER = YES;
				GCC_PREFIX_HEADER = "LatoFont/LatoFont-Prefix.pch";
				INFOPLIST_FILE = "LatoFontTests/LatoFontTests-Info.plist";
				PRODUCT_NAME = "$(TARGET_NAME)";
				TEST_HOST = "$(BUNDLE_LOADER)";
				WRAPPER_EXTENSION = xctest;
			};
			name = Release;
		};
/* End XCBuildConfiguration section */

/* Begin XCConfigurationList section */
		84ADFBE119374A2F006A4382 /* Build configuration list for PBXProject "LatoFont" */ = {
			isa = XCConfigurationList;
			buildConfigurations = (
				84ADFC1019374A2F006A4382 /* Debug */,
				84ADFC1119374A2F006A4382 /* Release */,
			);
			defaultConfigurationIsVisible = 0;
			defaultConfigurationName = Release;
		};
		84ADFC1219374A2F006A4382 /* Build configuration list for PBXNativeTarget "LatoFont" */ = {
			isa = XCConfigurationList;
			buildConfigurations = (
				84ADFC1319374A2F006A4382 /* Debug */,
				84ADFC1419374A2F006A4382 /* Release */,
			);
			defaultConfigurationIsVisible = 0;
		};
		84ADFC1519374A2F006A4382 /* Build configuration list for PBXNativeTarget "LatoFontTests" */ = {
			isa = XCConfigurationList;
			buildConfigurations = (
				84ADFC1619374A2F006A4382 /* Debug */,
				84ADFC1719374A2F006A4382 /* Release */,
			);
			defaultConfigurationIsVisible = 0;
		};
/* End XCConfigurationList section */
	};
	rootObject = 84ADFBDE19374A2F006A4382 /* Project object */;
}
